PODS:
  - AFNetworking (2.6.3):
    - AFNetworking/NSURLConnection (= 2.6.3)
    - AFNetworking/NSURLSession (= 2.6.3)
    - AFNetworking/Reachability (= 2.6.3)
    - AFNetworking/Security (= 2.6.3)
    - AFNetworking/Serialization (= 2.6.3)
    - AFNetworking/UIKit (= 2.6.3)
  - AFNetworking/NSURLConnection (2.6.3):
    - AFNetworking/Reachability
    - AFNetworking/Security
    - AFNetworking/Serialization
  - AFNetworking/NSURLSession (2.6.3):
    - AFNetworking/Reachability
    - AFNetworking/Security
    - AFNetworking/Serialization
  - AFNetworking/Reachability (2.6.3)
  - AFNetworking/Security (2.6.3)
  - AFNetworking/Serialization (2.6.3)
  - AFNetworking/UIKit (2.6.3):
    - AFNetworking/NSURLConnection
    - AFNetworking/NSURLSession
  - AFOnoResponseSerializer (1.0.0):
    - AFNetworking (~> 2.2)
    - Ono (~> 1.0)
  - DateTools (1.7.0)
  - DTCoreText (1.6.16):
    - DTFoundation/Core (~> 1.7.5)
    - DTFoundation/DTAnimatedGIF (~> 1.7.5)
    - DTFoundation/DTHTMLParser (~> 1.7.5)
    - DTFoundation/UIKit (~> 1.7.5)
  - DTFoundation/Core (1.7.8)
  - DTFoundation/DTAnimatedGIF (1.7.8)
  - DTFoundation/DTHTMLParser (1.7.8):
    - DTFoundation/Core
  - DTFoundation/UIKit (1.7.8):
    - DTFoundation/Core
  - GPUImage (0.1.7)
  - GRMustache (7.3.2):
    - JRSwizzle (~> 1.0)
  - JRSwizzle (1.0)
  - MBProgressHUD (0.9.1)
  - MJRefresh (3.0.2)
  - Ono (1.2.2)
  - Reachability (3.2)
  - RESideMenu (4.0.7)
  - SDWebImage (3.7.3):
    - SDWebImage/Core (= 3.7.3)
  - SDWebImage/Core (3.7.3)
  - TBXML (1.5)
  - TOWebViewController (2.0.19)
  - TTTAttributedLabel (1.13.4)

DEPENDENCIES:
  - AFOnoResponseSerializer
  - DateTools
  - DTCoreText
  - GPUImage
  - GRMustache
  - MBProgressHUD
  - MJRefresh
  - Reachability
  - RESideMenu
  - SDWebImage
  - TBXML
  - TOWebViewController
  - TTTAttributedLabel

SPEC CHECKSUMS:
  AFNetworking: cb8d14a848e831097108418f5d49217339d4eb60
  AFOnoResponseSerializer: c02c8bef1d6742ac68f33ecaed41826c9657bc33
  DateTools: 53288ee8b905fdc75897a1e6b5cc0144b14cba60
  DTCoreText: 934a16fe9ffdd169c96261721b39dc312b75713d
  DTFoundation: 46e2b2fafe78d67febfd8d1f85fe9845a093f00e
  GPUImage: 733a5f0fab92df9de1c37ba9df520a833ccb406d
  GRMustache: ebe6104fd30a6d22c1f36af131e19e2dbf7cd292
  JRSwizzle: dd5ead5d913a0f29e7f558200165849f006bb1e3
  MBProgressHUD: c47f2c166c126cf2ce36498d80f33e754d4e93ad
  MJRefresh: 85377dc8c70395cf329e102a5c55505ef387c2e1
  Ono: 80b1c686777d3f6d5d5ce6fcac8a74afef4ca197
  Reachability: 33e18b67625424e47b6cde6d202dce689ad7af96
  RESideMenu: f24c508404b49c667344c54aba7e590883533958
  SDWebImage: 1d2b1a1efda1ade1b00b6f8498865f8ddedc8a84
  TBXML: 9f9dadb239f2f2af1dadb87fe43a0ce6e479379a
  TOWebViewController: accd62ec0acc8d5c2e1e195c6f7ff7654c3c840c
  TTTAttributedLabel: 0a2ac7b2dd726d32a070dafb01446026b11e624f

COCOAPODS: 0.39.0
